
Microsoft Visual Studio Solution File, Format Version 12.00
# Visual Studio 2012
Project("{4925A630-B079-445d-BCD4-3A9C94FE9307}") = "TestAndroid", "TestAndroid\TestAndroid.fsproj", "{2B213AB7-2231-4920-BFFA-2AF0BA699264}"
EndProject
Project("{4925A630-B079-445d-BCD4-3A9C94FE9307}") = "TestiOS", "TestiOS\TestiOS.fsproj", "{B31ECFE9-18F8-462D-A466-17C7D4290617}"
EndProject
Global
	GlobalSection(SolutionConfigurationPlatforms) = preSolution
		Ad-Hoc|Any CPU = Ad-Hoc|Any CPU
		Ad-Hoc|ARM = Ad-Hoc|ARM
		Ad-Hoc|iPhone = Ad-Hoc|iPhone
		Ad-Hoc|iPhoneSimulator = Ad-Hoc|iPhoneSimulator
		Ad-Hoc|Mixed Platforms = Ad-Hoc|Mixed Platforms
		Ad-Hoc|x86 = Ad-Hoc|x86
		AppStore|Any CPU = AppStore|Any CPU
		AppStore|ARM = AppStore|ARM
		AppStore|iPhone = AppStore|iPhone
		AppStore|iPhoneSimulator = AppStore|iPhoneSimulator
		AppStore|Mixed Platforms = AppStore|Mixed Platforms
		AppStore|x86 = AppStore|x86
		Debug|Any CPU = Debug|Any CPU
		Debug|ARM = Debug|ARM
		Debug|iPhone = Debug|iPhone
		Debug|iPhoneSimulator = Debug|iPhoneSimulator
		Debug|Mixed Platforms = Debug|Mixed Platforms
		Debug|x86 = Debug|x86
		Release|Any CPU = Release|Any CPU
		Release|ARM = Release|ARM
		Release|iPhone = Release|iPhone
		Release|iPhoneSimulator = Release|iPhoneSimulator
		Release|Mixed Platforms = Release|Mixed Platforms
		Release|x86 = Release|x86
	EndGlobalSection
	GlobalSection(ProjectConfigurationPlatforms) = postSolution
		{25FDCB04-5B64-491B-9C10-32796BCB31D1}.Ad-Hoc|Any CPU.ActiveCfg = Release|Any CPU
		{25FDCB04-5B64-491B-9C10-32796BCB31D1}.Ad-Hoc|Any CPU.Build.0 = Release|Any CPU
		{25FDCB04-5B64-491B-9C10-32796BCB31D1}.Ad-Hoc|Any CPU.Deploy.0 = Release|Any CPU
		{25FDCB04-5B64-491B-9C10-32796BCB31D1}.Ad-Hoc|ARM.ActiveCfg = Release|Any CPU
		{25FDCB04-5B64-491B-9C10-32796BCB31D1}.Ad-Hoc|iPhone.ActiveCfg = Release|Any CPU
		{25FDCB04-5B64-491B-9C10-32796BCB31D1}.Ad-Hoc|iPhoneSimulator.ActiveCfg = Release|Any CPU
		{25FDCB04-5B64-491B-9C10-32796BCB31D1}.Ad-Hoc|Mixed Platforms.ActiveCfg = Release|Any CPU
		{25FDCB04-5B64-491B-9C10-32796BCB31D1}.Ad-Hoc|Mixed Platforms.Build.0 = Release|Any CPU
		{25FDCB04-5B64-491B-9C10-32796BCB31D1}.Ad-Hoc|Mixed Platforms.Deploy.0 = Release|Any CPU
		{25FDCB04-5B64-491B-9C10-32796BCB31D1}.Ad-Hoc|x86.ActiveCfg = Release|Any CPU
		{25FDCB04-5B64-491B-9C10-32796BCB31D1}.AppStore|Any CPU.ActiveCfg = Release|Any CPU
		{25FDCB04-5B64-491B-9C10-32796BCB31D1}.AppStore|Any CPU.Build.0 = Release|Any CPU
		{25FDCB04-5B64-491B-9C10-32796BCB31D1}.AppStore|Any CPU.Deploy.0 = Release|Any CPU
		{25FDCB04-5B64-491B-9C10-32796BCB31D1}.AppStore|ARM.ActiveCfg = Release|Any CPU
		{25FDCB04-5B64-491B-9C10-32796BCB31D1}.AppStore|iPhone.ActiveCfg = Release|Any CPU
		{25FDCB04-5B64-491B-9C10-32796BCB31D1}.AppStore|iPhoneSimulator.ActiveCfg = Release|Any CPU
		{25FDCB04-5B64-491B-9C10-32796BCB31D1}.AppStore|Mixed Platforms.ActiveCfg = Release|Any CPU
		{25FDCB04-5B64-491B-9C10-32796BCB31D1}.AppStore|Mixed Platforms.Build.0 = Release|Any CPU
		{25FDCB04-5B64-491B-9C10-32796BCB31D1}.AppStore|Mixed Platforms.Deploy.0 = Release|Any CPU
		{25FDCB04-5B64-491B-9C10-32796BCB31D1}.AppStore|x86.ActiveCfg = Release|Any CPU
		{25FDCB04-5B64-491B-9C10-32796BCB31D1}.Debug|Any CPU.ActiveCfg = Debug|Any CPU
		{25FDCB04-5B64-491B-9C10-32796BCB31D1}.Debug|Any CPU.Build.0 = Debug|Any CPU
		{25FDCB04-5B64-491B-9C10-32796BCB31D1}.Debug|Any CPU.Deploy.0 = Debug|Any CPU
		{25FDCB04-5B64-491B-9C10-32796BCB31D1}.Debug|ARM.ActiveCfg = Debug|Any CPU
		{25FDCB04-5B64-491B-9C10-32796BCB31D1}.Debug|iPhone.ActiveCfg = Debug|Any CPU
		{25FDCB04-5B64-491B-9C10-32796BCB31D1}.Debug|iPhoneSimulator.ActiveCfg = Debug|Any CPU
		{25FDCB04-5B64-491B-9C10-32796BCB31D1}.Debug|Mixed Platforms.ActiveCfg = Debug|Any CPU
		{25FDCB04-5B64-491B-9C10-32796BCB31D1}.Debug|Mixed Platforms.Build.0 = Debug|Any CPU
		{25FDCB04-5B64-491B-9C10-32796BCB31D1}.Debug|Mixed Platforms.Deploy.0 = Debug|Any CPU
		{25FDCB04-5B64-491B-9C10-32796BCB31D1}.Debug|x86.ActiveCfg = Debug|Any CPU
		{25FDCB04-5B64-491B-9C10-32796BCB31D1}.Release|Any CPU.ActiveCfg = Release|Any CPU
		{25FDCB04-5B64-491B-9C10-32796BCB31D1}.Release|Any CPU.Build.0 = Release|Any CPU
		{25FDCB04-5B64-491B-9C10-32796BCB31D1}.Release|Any CPU.Deploy.0 = Release|Any CPU
		{25FDCB04-5B64-491B-9C10-32796BCB31D1}.Release|ARM.ActiveCfg = Release|Any CPU
		{25FDCB04-5B64-491B-9C10-32796BCB31D1}.Release|iPhone.ActiveCfg = Release|Any CPU
		{25FDCB04-5B64-491B-9C10-32796BCB31D1}.Release|iPhoneSimulator.ActiveCfg = Release|Any CPU
		{25FDCB04-5B64-491B-9C10-32796BCB31D1}.Release|Mixed Platforms.ActiveCfg = Release|Any CPU
		{25FDCB04-5B64-491B-9C10-32796BCB31D1}.Release|Mixed Platforms.Build.0 = Release|Any CPU
		{25FDCB04-5B64-491B-9C10-32796BCB31D1}.Release|Mixed Platforms.Deploy.0 = Release|Any CPU
		{25FDCB04-5B64-491B-9C10-32796BCB31D1}.Release|x86.ActiveCfg = Release|Any CPU
		{2B213AB7-2231-4920-BFFA-2AF0BA699264}.Ad-Hoc|Any CPU.ActiveCfg = Release|Any CPU
		{2B213AB7-2231-4920-BFFA-2AF0BA699264}.Ad-Hoc|Any CPU.Build.0 = Release|Any CPU
		{2B213AB7-2231-4920-BFFA-2AF0BA699264}.Ad-Hoc|ARM.ActiveCfg = Release|Any CPU
		{2B213AB7-2231-4920-BFFA-2AF0BA699264}.Ad-Hoc|ARM.Build.0 = Release|Any CPU
		{2B213AB7-2231-4920-BFFA-2AF0BA699264}.Ad-Hoc|iPhone.ActiveCfg = Release|Any CPU
		{2B213AB7-2231-4920-BFFA-2AF0BA699264}.Ad-Hoc|iPhone.Build.0 = Release|Any CPU
		{2B213AB7-2231-4920-BFFA-2AF0BA699264}.Ad-Hoc|iPhoneSimulator.ActiveCfg = Release|Any CPU
		{2B213AB7-2231-4920-BFFA-2AF0BA699264}.Ad-Hoc|iPhoneSimulator.Build.0 = Release|Any CPU
		{2B213AB7-2231-4920-BFFA-2AF0BA699264}.Ad-Hoc|Mixed Platforms.ActiveCfg = Release|Any CPU
		{2B213AB7-2231-4920-BFFA-2AF0BA699264}.Ad-Hoc|Mixed Platforms.Build.0 = Release|Any CPU
		{2B213AB7-2231-4920-BFFA-2AF0BA699264}.Ad-Hoc|x86.ActiveCfg = Release|Any CPU
		{2B213AB7-2231-4920-BFFA-2AF0BA699264}.Ad-Hoc|x86.Build.0 = Release|Any CPU
		{2B213AB7-2231-4920-BFFA-2AF0BA699264}.AppStore|Any CPU.ActiveCfg = Release|Any CPU
		{2B213AB7-2231-4920-BFFA-2AF0BA699264}.AppStore|Any CPU.Build.0 = Release|Any CPU
		{2B213AB7-2231-4920-BFFA-2AF0BA699264}.AppStore|ARM.ActiveCfg = Release|Any CPU
		{2B213AB7-2231-4920-BFFA-2AF0BA699264}.AppStore|ARM.Build.0 = Release|Any CPU
		{2B213AB7-2231-4920-BFFA-2AF0BA699264}.AppStore|iPhone.ActiveCfg = Release|Any CPU
		{2B213AB7-2231-4920-BFFA-2AF0BA699264}.AppStore|iPhone.Build.0 = Release|Any CPU
		{2B213AB7-2231-4920-BFFA-2AF0BA699264}.AppStore|iPhoneSimulator.ActiveCfg = Release|Any CPU
		{2B213AB7-2231-4920-BFFA-2AF0BA699264}.AppStore|iPhoneSimulator.Build.0 = Release|Any CPU
		{2B213AB7-2231-4920-BFFA-2AF0BA699264}.AppStore|Mixed Platforms.ActiveCfg = Release|Any CPU
		{2B213AB7-2231-4920-BFFA-2AF0BA699264}.AppStore|Mixed Platforms.Build.0 = Release|Any CPU
		{2B213AB7-2231-4920-BFFA-2AF0BA699264}.AppStore|x86.ActiveCfg = Release|Any CPU
		{2B213AB7-2231-4920-BFFA-2AF0BA699264}.AppStore|x86.Build.0 = Release|Any CPU
		{2B213AB7-2231-4920-BFFA-2AF0BA699264}.Debug|Any CPU.ActiveCfg = Debug|Any CPU
		{2B213AB7-2231-4920-BFFA-2AF0BA699264}.Debug|Any CPU.Build.0 = Debug|Any CPU
		{2B213AB7-2231-4920-BFFA-2AF0BA699264}.Debug|ARM.ActiveCfg = Debug|Any CPU
		{2B213AB7-2231-4920-BFFA-2AF0BA699264}.Debug|ARM.Build.0 = Debug|Any CPU
		{2B213AB7-2231-4920-BFFA-2AF0BA699264}.Debug|iPhone.ActiveCfg = Debug|Any CPU
		{2B213AB7-2231-4920-BFFA-2AF0BA699264}.Debug|iPhone.Build.0 = Debug|Any CPU
		{2B213AB7-2231-4920-BFFA-2AF0BA699264}.Debug|iPhoneSimulator.ActiveCfg = Debug|Any CPU
		{2B213AB7-2231-4920-BFFA-2AF0BA699264}.Debug|iPhoneSimulator.Build.0 = Debug|Any CPU
		{2B213AB7-2231-4920-BFFA-2AF0BA699264}.Debug|Mixed Platforms.ActiveCfg = Debug|Any CPU
		{2B213AB7-2231-4920-BFFA-2AF0BA699264}.Debug|Mixed Platforms.Build.0 = Debug|Any CPU
		{2B213AB7-2231-4920-BFFA-2AF0BA699264}.Debug|x86.ActiveCfg = Debug|Any CPU
		{2B213AB7-2231-4920-BFFA-2AF0BA699264}.Debug|x86.Build.0 = Debug|Any CPU
		{2B213AB7-2231-4920-BFFA-2AF0BA699264}.Release|Any CPU.ActiveCfg = Release|Any CPU
		{2B213AB7-2231-4920-BFFA-2AF0BA699264}.Release|Any CPU.Build.0 = Release|Any CPU
		{2B213AB7-2231-4920-BFFA-2AF0BA699264}.Release|ARM.ActiveCfg = Release|Any CPU
		{2B213AB7-2231-4920-BFFA-2AF0BA699264}.Release|ARM.Build.0 = Release|Any CPU
		{2B213AB7-2231-4920-BFFA-2AF0BA699264}.Release|iPhone.ActiveCfg = Release|Any CPU
		{2B213AB7-2231-4920-BFFA-2AF0BA699264}.Release|iPhone.Build.0 = Release|Any CPU
		{2B213AB7-2231-4920-BFFA-2AF0BA699264}.Release|iPhoneSimulator.ActiveCfg = Release|Any CPU
		{2B213AB7-2231-4920-BFFA-2AF0BA699264}.Release|iPhoneSimulator.Build.0 = Release|Any CPU
		{2B213AB7-2231-4920-BFFA-2AF0BA699264}.Release|Mixed Platforms.ActiveCfg = Release|Any CPU
		{2B213AB7-2231-4920-BFFA-2AF0BA699264}.Release|Mixed Platforms.Build.0 = Release|Any CPU
		{2B213AB7-2231-4920-BFFA-2AF0BA699264}.Release|x86.ActiveCfg = Release|Any CPU
		{2B213AB7-2231-4920-BFFA-2AF0BA699264}.Release|x86.Build.0 = Release|Any CPU
		{3A58A53A-B861-4EEC-A288-2F625E967271}.Ad-Hoc|Any CPU.ActiveCfg = Release|Any CPU
		{3A58A53A-B861-4EEC-A288-2F625E967271}.Ad-Hoc|Any CPU.Build.0 = Release|Any CPU
		{3A58A53A-B861-4EEC-A288-2F625E967271}.Ad-Hoc|Any CPU.Deploy.0 = Release|Any CPU
		{3A58A53A-B861-4EEC-A288-2F625E967271}.Ad-Hoc|ARM.ActiveCfg = Release|ARM
		{3A58A53A-B861-4EEC-A288-2F625E967271}.Ad-Hoc|ARM.Build.0 = Release|ARM
		{3A58A53A-B861-4EEC-A288-2F625E967271}.Ad-Hoc|ARM.Deploy.0 = Release|ARM
		{3A58A53A-B861-4EEC-A288-2F625E967271}.Ad-Hoc|iPhone.ActiveCfg = Release|Any CPU
		{3A58A53A-B861-4EEC-A288-2F625E967271}.Ad-Hoc|iPhoneSimulator.ActiveCfg = Release|Any CPU
		{3A58A53A-B861-4EEC-A288-2F625E967271}.Ad-Hoc|Mixed Platforms.ActiveCfg = Release|x86
		{3A58A53A-B861-4EEC-A288-2F625E967271}.Ad-Hoc|Mixed Platforms.Build.0 = Release|x86
		{3A58A53A-B861-4EEC-A288-2F625E967271}.Ad-Hoc|Mixed Platforms.Deploy.0 = Release|x86
		{3A58A53A-B861-4EEC-A288-2F625E967271}.Ad-Hoc|x86.ActiveCfg = Release|x86
		{3A58A53A-B861-4EEC-A288-2F625E967271}.Ad-Hoc|x86.Build.0 = Release|x86
		{3A58A53A-B861-4EEC-A288-2F625E967271}.Ad-Hoc|x86.Deploy.0 = Release|x86
		{3A58A53A-B861-4EEC-A288-2F625E967271}.AppStore|Any CPU.ActiveCfg = Release|Any CPU
		{3A58A53A-B861-4EEC-A288-2F625E967271}.AppStore|Any CPU.Build.0 = Release|Any CPU
		{3A58A53A-B861-4EEC-A288-2F625E967271}.AppStore|Any CPU.Deploy.0 = Release|Any CPU
		{3A58A53A-B861-4EEC-A288-2F625E967271}.AppStore|ARM.ActiveCfg = Release|ARM
		{3A58A53A-B861-4EEC-A288-2F625E967271}.AppStore|ARM.Build.0 = Release|ARM
		{3A58A53A-B861-4EEC-A288-2F625E967271}.AppStore|ARM.Deploy.0 = Release|ARM
		{3A58A53A-B861-4EEC-A288-2F625E967271}.AppStore|iPhone.ActiveCfg = Release|Any CPU
		{3A58A53A-B861-4EEC-A288-2F625E967271}.AppStore|iPhoneSimulator.ActiveCfg = Release|Any CPU
		{3A58A53A-B861-4EEC-A288-2F625E967271}.AppStore|Mixed Platforms.ActiveCfg = Release|x86
		{3A58A53A-B861-4EEC-A288-2F625E967271}.AppStore|Mixed Platforms.Build.0 = Release|x86
		{3A58A53A-B861-4EEC-A288-2F625E967271}.AppStore|Mixed Platforms.Deploy.0 = Release|x86
		{3A58A53A-B861-4EEC-A288-2F625E967271}.AppStore|x86.ActiveCfg = Release|x86
		{3A58A53A-B861-4EEC-A288-2F625E967271}.AppStore|x86.Build.0 = Release|x86
		{3A58A53A-B861-4EEC-A288-2F625E967271}.AppStore|x86.Deploy.0 = Release|x86
		{3A58A53A-B861-4EEC-A288-2F625E967271}.Debug|Any CPU.ActiveCfg = Debug|Any CPU
		{3A58A53A-B861-4EEC-A288-2F625E967271}.Debug|Any CPU.Build.0 = Debug|Any CPU
		{3A58A53A-B861-4EEC-A288-2F625E967271}.Debug|Any CPU.Deploy.0 = Debug|Any CPU
		{3A58A53A-B861-4EEC-A288-2F625E967271}.Debug|ARM.ActiveCfg = Debug|ARM
		{3A58A53A-B861-4EEC-A288-2F625E967271}.Debug|ARM.Build.0 = Debug|ARM
		{3A58A53A-B861-4EEC-A288-2F625E967271}.Debug|ARM.Deploy.0 = Debug|ARM
		{3A58A53A-B861-4EEC-A288-2F625E967271}.Debug|iPhone.ActiveCfg = Debug|Any CPU
		{3A58A53A-B861-4EEC-A288-2F625E967271}.Debug|iPhoneSimulator.ActiveCfg = Debug|Any CPU
		{3A58A53A-B861-4EEC-A288-2F625E967271}.Debug|Mixed Platforms.ActiveCfg = Debug|Any CPU
		{3A58A53A-B861-4EEC-A288-2F625E967271}.Debug|Mixed Platforms.Build.0 = Debug|Any CPU
		{3A58A53A-B861-4EEC-A288-2F625E967271}.Debug|Mixed Platforms.Deploy.0 = Debug|Any CPU
		{3A58A53A-B861-4EEC-A288-2F625E967271}.Debug|x86.ActiveCfg = Debug|x86
		{3A58A53A-B861-4EEC-A288-2F625E967271}.Debug|x86.Build.0 = Debug|x86
		{3A58A53A-B861-4EEC-A288-2F625E967271}.Debug|x86.Deploy.0 = Debug|x86
		{3A58A53A-B861-4EEC-A288-2F625E967271}.Release|Any CPU.ActiveCfg = Release|Any CPU
		{3A58A53A-B861-4EEC-A288-2F625E967271}.Release|Any CPU.Build.0 = Release|Any CPU
		{3A58A53A-B861-4EEC-A288-2F625E967271}.Release|Any CPU.Deploy.0 = Release|Any CPU
		{3A58A53A-B861-4EEC-A288-2F625E967271}.Release|ARM.ActiveCfg = Release|ARM
		{3A58A53A-B861-4EEC-A288-2F625E967271}.Release|ARM.Build.0 = Release|ARM
		{3A58A53A-B861-4EEC-A288-2F625E967271}.Release|ARM.Deploy.0 = Release|ARM
		{3A58A53A-B861-4EEC-A288-2F625E967271}.Release|iPhone.ActiveCfg = Release|Any CPU
		{3A58A53A-B861-4EEC-A288-2F625E967271}.Release|iPhoneSimulator.ActiveCfg = Release|Any CPU
		{3A58A53A-B861-4EEC-A288-2F625E967271}.Release|Mixed Platforms.ActiveCfg = Release|x86
		{3A58A53A-B861-4EEC-A288-2F625E967271}.Release|Mixed Platforms.Build.0 = Release|x86
		{3A58A53A-B861-4EEC-A288-2F625E967271}.Release|Mixed Platforms.Deploy.0 = Release|x86
		{3A58A53A-B861-4EEC-A288-2F625E967271}.Release|x86.ActiveCfg = Release|x86
		{3A58A53A-B861-4EEC-A288-2F625E967271}.Release|x86.Build.0 = Release|x86
		{3A58A53A-B861-4EEC-A288-2F625E967271}.Release|x86.Deploy.0 = Release|x86
		{3CD45692-4376-4FFA-B9ED-3A9503728016}.Ad-Hoc|Any CPU.ActiveCfg = Release|Any CPU
		{3CD45692-4376-4FFA-B9ED-3A9503728016}.Ad-Hoc|Any CPU.Build.0 = Release|Any CPU
		{3CD45692-4376-4FFA-B9ED-3A9503728016}.Ad-Hoc|ARM.ActiveCfg = Release|Any CPU
		{3CD45692-4376-4FFA-B9ED-3A9503728016}.Ad-Hoc|iPhone.ActiveCfg = Release|Any CPU
		{3CD45692-4376-4FFA-B9ED-3A9503728016}.Ad-Hoc|iPhoneSimulator.ActiveCfg = Release|Any CPU
		{3CD45692-4376-4FFA-B9ED-3A9503728016}.Ad-Hoc|Mixed Platforms.ActiveCfg = Release|Any CPU
		{3CD45692-4376-4FFA-B9ED-3A9503728016}.Ad-Hoc|Mixed Platforms.Build.0 = Release|Any CPU
		{3CD45692-4376-4FFA-B9ED-3A9503728016}.Ad-Hoc|x86.ActiveCfg = Release|Any CPU
		{3CD45692-4376-4FFA-B9ED-3A9503728016}.AppStore|Any CPU.ActiveCfg = Release|Any CPU
		{3CD45692-4376-4FFA-B9ED-3A9503728016}.AppStore|Any CPU.Build.0 = Release|Any CPU
		{3CD45692-4376-4FFA-B9ED-3A9503728016}.AppStore|ARM.ActiveCfg = Release|Any CPU
		{3CD45692-4376-4FFA-B9ED-3A9503728016}.AppStore|iPhone.ActiveCfg = Release|Any CPU
		{3CD45692-4376-4FFA-B9ED-3A9503728016}.AppStore|iPhoneSimulator.ActiveCfg = Release|Any CPU
		{3CD45692-4376-4FFA-B9ED-3A9503728016}.AppStore|Mixed Platforms.ActiveCfg = Release|Any CPU
		{3CD45692-4376-4FFA-B9ED-3A9503728016}.AppStore|Mixed Platforms.Build.0 = Release|Any CPU
		{3CD45692-4376-4FFA-B9ED-3A9503728016}.AppStore|x86.ActiveCfg = Release|Any CPU
		{3CD45692-4376-4FFA-B9ED-3A9503728016}.Debug|Any CPU.ActiveCfg = Debug|Any CPU
		{3CD45692-4376-4FFA-B9ED-3A9503728016}.Debug|Any CPU.Build.0 = Debug|Any CPU
		{3CD45692-4376-4FFA-B9ED-3A9503728016}.Debug|ARM.ActiveCfg = Debug|Any CPU
		{3CD45692-4376-4FFA-B9ED-3A9503728016}.Debug|iPhone.ActiveCfg = Debug|Any CPU
		{3CD45692-4376-4FFA-B9ED-3A9503728016}.Debug|iPhoneSimulator.ActiveCfg = Debug|Any CPU
		{3CD45692-4376-4FFA-B9ED-3A9503728016}.Debug|Mixed Platforms.ActiveCfg = Debug|Any CPU
		{3CD45692-4376-4FFA-B9ED-3A9503728016}.Debug|Mixed Platforms.Build.0 = Debug|Any CPU
		{3CD45692-4376-4FFA-B9ED-3A9503728016}.Debug|x86.ActiveCfg = Debug|Any CPU
		{3CD45692-4376-4FFA-B9ED-3A9503728016}.Release|Any CPU.ActiveCfg = Release|Any CPU
		{3CD45692-4376-4FFA-B9ED-3A9503728016}.Release|Any CPU.Build.0 = Release|Any CPU
		{3CD45692-4376-4FFA-B9ED-3A9503728016}.Release|ARM.ActiveCfg = Release|Any CPU
		{3CD45692-4376-4FFA-B9ED-3A9503728016}.Release|iPhone.ActiveCfg = Release|Any CPU
		{3CD45692-4376-4FFA-B9ED-3A9503728016}.Release|iPhoneSimulator.ActiveCfg = Release|Any CPU
		{3CD45692-4376-4FFA-B9ED-3A9503728016}.Release|Mixed Platforms.ActiveCfg = Release|Any CPU
		{3CD45692-4376-4FFA-B9ED-3A9503728016}.Release|Mixed Platforms.Build.0 = Release|Any CPU
		{3CD45692-4376-4FFA-B9ED-3A9503728016}.Release|x86.ActiveCfg = Release|Any CPU
		{3E598DD3-5E94-465B-A9B6-3527DAD96BF9}.Ad-Hoc|Any CPU.ActiveCfg = Ad-Hoc|iPhone
		{3E598DD3-5E94-465B-A9B6-3527DAD96BF9}.Ad-Hoc|ARM.ActiveCfg = Ad-Hoc|iPhone
		{3E598DD3-5E94-465B-A9B6-3527DAD96BF9}.Ad-Hoc|iPhone.ActiveCfg = Ad-Hoc|iPhone
		{3E598DD3-5E94-465B-A9B6-3527DAD96BF9}.Ad-Hoc|iPhone.Build.0 = Ad-Hoc|iPhone
		{3E598DD3-5E94-465B-A9B6-3527DAD96BF9}.Ad-Hoc|iPhone.Deploy.0 = Ad-Hoc|iPhone
		{3E598DD3-5E94-465B-A9B6-3527DAD96BF9}.Ad-Hoc|iPhoneSimulator.ActiveCfg = Ad-Hoc|iPhoneSimulator
		{3E598DD3-5E94-465B-A9B6-3527DAD96BF9}.Ad-Hoc|iPhoneSimulator.Build.0 = Ad-Hoc|iPhoneSimulator
		{3E598DD3-5E94-465B-A9B6-3527DAD96BF9}.Ad-Hoc|iPhoneSimulator.Deploy.0 = Ad-Hoc|iPhoneSimulator
		{3E598DD3-5E94-465B-A9B6-3527DAD96BF9}.Ad-Hoc|Mixed Platforms.ActiveCfg = Ad-Hoc|iPhone
		{3E598DD3-5E94-465B-A9B6-3527DAD96BF9}.Ad-Hoc|Mixed Platforms.Build.0 = Ad-Hoc|iPhone
		{3E598DD3-5E94-465B-A9B6-3527DAD96BF9}.Ad-Hoc|Mixed Platforms.Deploy.0 = Ad-Hoc|iPhone
		{3E598DD3-5E94-465B-A9B6-3527DAD96BF9}.Ad-Hoc|x86.ActiveCfg = Ad-Hoc|iPhone
		{3E598DD3-5E94-465B-A9B6-3527DAD96BF9}.AppStore|Any CPU.ActiveCfg = AppStore|iPhone
		{3E598DD3-5E94-465B-A9B6-3527DAD96BF9}.AppStore|ARM.ActiveCfg = AppStore|iPhone
		{3E598DD3-5E94-465B-A9B6-3527DAD96BF9}.AppStore|iPhone.ActiveCfg = AppStore|iPhone
		{3E598DD3-5E94-465B-A9B6-3527DAD96BF9}.AppStore|iPhone.Build.0 = AppStore|iPhone
		{3E598DD3-5E94-465B-A9B6-3527DAD96BF9}.AppStore|iPhone.Deploy.0 = AppStore|iPhone
		{3E598DD3-5E94-465B-A9B6-3527DAD96BF9}.AppStore|iPhoneSimulator.ActiveCfg = AppStore|iPhoneSimulator
		{3E598DD3-5E94-465B-A9B6-3527DAD96BF9}.AppStore|iPhoneSimulator.Build.0 = AppStore|iPhoneSimulator
		{3E598DD3-5E94-465B-A9B6-3527DAD96BF9}.AppStore|iPhoneSimulator.Deploy.0 = AppStore|iPhoneSimulator
		{3E598DD3-5E94-465B-A9B6-3527DAD96BF9}.AppStore|Mixed Platforms.ActiveCfg = AppStore|iPhone
		{3E598DD3-5E94-465B-A9B6-3527DAD96BF9}.AppStore|Mixed Platforms.Build.0 = AppStore|iPhone
		{3E598DD3-5E94-465B-A9B6-3527DAD96BF9}.AppStore|Mixed Platforms.Deploy.0 = AppStore|iPhone
		{3E598DD3-5E94-465B-A9B6-3527DAD96BF9}.AppStore|x86.ActiveCfg = AppStore|iPhone
		{3E598DD3-5E94-465B-A9B6-3527DAD96BF9}.Debug|Any CPU.ActiveCfg = Debug|iPhone
		{3E598DD3-5E94-465B-A9B6-3527DAD96BF9}.Debug|ARM.ActiveCfg = Debug|iPhone
		{3E598DD3-5E94-465B-A9B6-3527DAD96BF9}.Debug|iPhone.ActiveCfg = Debug|iPhone
		{3E598DD3-5E94-465B-A9B6-3527DAD96BF9}.Debug|iPhone.Build.0 = Debug|iPhone
		{3E598DD3-5E94-465B-A9B6-3527DAD96BF9}.Debug|iPhone.Deploy.0 = Debug|iPhone
		{3E598DD3-5E94-465B-A9B6-3527DAD96BF9}.Debug|iPhoneSimulator.ActiveCfg = Debug|iPhoneSimulator
		{3E598DD3-5E94-465B-A9B6-3527DAD96BF9}.Debug|iPhoneSimulator.Build.0 = Debug|iPhoneSimulator
		{3E598DD3-5E94-465B-A9B6-3527DAD96BF9}.Debug|iPhoneSimulator.Deploy.0 = Debug|iPhoneSimulator
		{3E598DD3-5E94-465B-A9B6-3527DAD96BF9}.Debug|Mixed Platforms.ActiveCfg = Debug|iPhoneSimulator
		{3E598DD3-5E94-465B-A9B6-3527DAD96BF9}.Debug|Mixed Platforms.Build.0 = Debug|iPhoneSimulator
		{3E598DD3-5E94-465B-A9B6-3527DAD96BF9}.Debug|Mixed Platforms.Deploy.0 = Debug|iPhoneSimulator
		{3E598DD3-5E94-465B-A9B6-3527DAD96BF9}.Debug|x86.ActiveCfg = Debug|iPhone
		{3E598DD3-5E94-465B-A9B6-3527DAD96BF9}.Release|Any CPU.ActiveCfg = Release|iPhone
		{3E598DD3-5E94-465B-A9B6-3527DAD96BF9}.Release|ARM.ActiveCfg = Release|iPhone
		{3E598DD3-5E94-465B-A9B6-3527DAD96BF9}.Release|iPhone.ActiveCfg = Release|iPhone
		{3E598DD3-5E94-465B-A9B6-3527DAD96BF9}.Release|iPhone.Build.0 = Release|iPhone
		{3E598DD3-5E94-465B-A9B6-3527DAD96BF9}.Release|iPhone.Deploy.0 = Release|iPhone
		{3E598DD3-5E94-465B-A9B6-3527DAD96BF9}.Release|iPhoneSimulator.ActiveCfg = Release|iPhoneSimulator
		{3E598DD3-5E94-465B-A9B6-3527DAD96BF9}.Release|iPhoneSimulator.Build.0 = Release|iPhoneSimulator
		{3E598DD3-5E94-465B-A9B6-3527DAD96BF9}.Release|iPhoneSimulator.Deploy.0 = Release|iPhoneSimulator
		{3E598DD3-5E94-465B-A9B6-3527DAD96BF9}.Release|Mixed Platforms.ActiveCfg = Release|iPhone
		{3E598DD3-5E94-465B-A9B6-3527DAD96BF9}.Release|Mixed Platforms.Build.0 = Release|iPhone
		{3E598DD3-5E94-465B-A9B6-3527DAD96BF9}.Release|Mixed Platforms.Deploy.0 = Release|iPhone
		{3E598DD3-5E94-465B-A9B6-3527DAD96BF9}.Release|x86.ActiveCfg = Release|iPhone
		{B31ECFE9-18F8-462D-A466-17C7D4290617}.Ad-Hoc|Any CPU.ActiveCfg = Ad-Hoc|iPhone
		{B31ECFE9-18F8-462D-A466-17C7D4290617}.Ad-Hoc|Any CPU.Build.0 = Ad-Hoc|iPhone
		{B31ECFE9-18F8-462D-A466-17C7D4290617}.Ad-Hoc|ARM.ActiveCfg = Ad-Hoc|iPhone
		{B31ECFE9-18F8-462D-A466-17C7D4290617}.Ad-Hoc|ARM.Build.0 = Ad-Hoc|iPhone
		{B31ECFE9-18F8-462D-A466-17C7D4290617}.Ad-Hoc|iPhone.ActiveCfg = Ad-Hoc|iPhone
		{B31ECFE9-18F8-462D-A466-17C7D4290617}.Ad-Hoc|iPhone.Build.0 = Ad-Hoc|iPhone
		{B31ECFE9-18F8-462D-A466-17C7D4290617}.Ad-Hoc|iPhoneSimulator.ActiveCfg = Debug|iPhoneSimulator
		{B31ECFE9-18F8-462D-A466-17C7D4290617}.Ad-Hoc|iPhoneSimulator.Build.0 = Debug|iPhoneSimulator
		{B31ECFE9-18F8-462D-A466-17C7D4290617}.Ad-Hoc|Mixed Platforms.ActiveCfg = Ad-Hoc|iPhone
		{B31ECFE9-18F8-462D-A466-17C7D4290617}.Ad-Hoc|Mixed Platforms.Build.0 = Ad-Hoc|iPhone
		{B31ECFE9-18F8-462D-A466-17C7D4290617}.Ad-Hoc|x86.ActiveCfg = Ad-Hoc|iPhone
		{B31ECFE9-18F8-462D-A466-17C7D4290617}.Ad-Hoc|x86.Build.0 = Ad-Hoc|iPhone
		{B31ECFE9-18F8-462D-A466-17C7D4290617}.AppStore|Any CPU.ActiveCfg = AppStore|iPhone
		{B31ECFE9-18F8-462D-A466-17C7D4290617}.AppStore|Any CPU.Build.0 = AppStore|iPhone
		{B31ECFE9-18F8-462D-A466-17C7D4290617}.AppStore|ARM.ActiveCfg = AppStore|iPhone
		{B31ECFE9-18F8-462D-A466-17C7D4290617}.AppStore|ARM.Build.0 = AppStore|iPhone
		{B31ECFE9-18F8-462D-A466-17C7D4290617}.AppStore|iPhone.ActiveCfg = AppStore|iPhone
		{B31ECFE9-18F8-462D-A466-17C7D4290617}.AppStore|iPhone.Build.0 = AppStore|iPhone
		{B31ECFE9-18F8-462D-A466-17C7D4290617}.AppStore|iPhoneSimulator.ActiveCfg = Debug|iPhoneSimulator
		{B31ECFE9-18F8-462D-A466-17C7D4290617}.AppStore|iPhoneSimulator.Build.0 = Debug|iPhoneSimulator
		{B31ECFE9-18F8-462D-A466-17C7D4290617}.AppStore|Mixed Platforms.ActiveCfg = AppStore|iPhone
		{B31ECFE9-18F8-462D-A466-17C7D4290617}.AppStore|Mixed Platforms.Build.0 = AppStore|iPhone
		{B31ECFE9-18F8-462D-A466-17C7D4290617}.AppStore|x86.ActiveCfg = AppStore|iPhone
		{B31ECFE9-18F8-462D-A466-17C7D4290617}.AppStore|x86.Build.0 = AppStore|iPhone
		{B31ECFE9-18F8-462D-A466-17C7D4290617}.Debug|Any CPU.ActiveCfg = Debug|iPhoneSimulator
		{B31ECFE9-18F8-462D-A466-17C7D4290617}.Debug|Any CPU.Build.0 = Debug|iPhoneSimulator
		{B31ECFE9-18F8-462D-A466-17C7D4290617}.Debug|ARM.ActiveCfg = Debug|iPhoneSimulator
		{B31ECFE9-18F8-462D-A466-17C7D4290617}.Debug|ARM.Build.0 = Debug|iPhoneSimulator
		{B31ECFE9-18F8-462D-A466-17C7D4290617}.Debug|iPhone.ActiveCfg = Debug|iPhone
		{B31ECFE9-18F8-462D-A466-17C7D4290617}.Debug|iPhone.Build.0 = Debug|iPhone
		{B31ECFE9-18F8-462D-A466-17C7D4290617}.Debug|iPhoneSimulator.ActiveCfg = Debug|iPhoneSimulator
		{B31ECFE9-18F8-462D-A466-17C7D4290617}.Debug|iPhoneSimulator.Build.0 = Debug|iPhoneSimulator
		{B31ECFE9-18F8-462D-A466-17C7D4290617}.Debug|Mixed Platforms.ActiveCfg = Debug|iPhoneSimulator
		{B31ECFE9-18F8-462D-A466-17C7D4290617}.Debug|Mixed Platforms.Build.0 = Debug|iPhoneSimulator
		{B31ECFE9-18F8-462D-A466-17C7D4290617}.Debug|x86.ActiveCfg = Debug|iPhoneSimulator
		{B31ECFE9-18F8-462D-A466-17C7D4290617}.Debug|x86.Build.0 = Debug|iPhoneSimulator
		{B31ECFE9-18F8-462D-A466-17C7D4290617}.Release|Any CPU.ActiveCfg = Release|iPhoneSimulator
		{B31ECFE9-18F8-462D-A466-17C7D4290617}.Release|Any CPU.Build.0 = Release|iPhoneSimulator
		{B31ECFE9-18F8-462D-A466-17C7D4290617}.Release|ARM.ActiveCfg = Release|iPhoneSimulator
		{B31ECFE9-18F8-462D-A466-17C7D4290617}.Release|ARM.Build.0 = Release|iPhoneSimulator
		{B31ECFE9-18F8-462D-A466-17C7D4290617}.Release|iPhone.ActiveCfg = Release|iPhone
		{B31ECFE9-18F8-462D-A466-17C7D4290617}.Release|iPhone.Build.0 = Release|iPhone
		{B31ECFE9-18F8-462D-A466-17C7D4290617}.Release|iPhoneSimulator.ActiveCfg = Release|iPhoneSimulator
		{B31ECFE9-18F8-462D-A466-17C7D4290617}.Release|iPhoneSimulator.Build.0 = Release|iPhoneSimulator
		{B31ECFE9-18F8-462D-A466-17C7D4290617}.Release|Mixed Platforms.ActiveCfg = Release|iPhoneSimulator
		{B31ECFE9-18F8-462D-A466-17C7D4290617}.Release|Mixed Platforms.Build.0 = Release|iPhoneSimulator
		{B31ECFE9-18F8-462D-A466-17C7D4290617}.Release|x86.ActiveCfg = Release|iPhoneSimulator
		{B31ECFE9-18F8-462D-A466-17C7D4290617}.Release|x86.Build.0 = Release|iPhoneSimulator
	EndGlobalSection
	GlobalSection(MonoDevelopProperties) = preSolution
		StartupItem = TestiOS\TestiOS.fsproj
	EndGlobalSection
	GlobalSection(SolutionProperties) = preSolution
		HideSolutionNode = FALSE
	EndGlobalSection
EndGlobal
